// !$*UTF8*$!
{
	archiveVersion = 1;
	classes = {
	};
	objectVersion = 56;
	objects = {

/* Begin PBXBuildFile section */
		365C85A329209A76001E600D /* CoreDataManager.swift in Sources */ = {isa = PBXBuildFile; fileRef = 365C85A229209A76001E600D /* CoreDataManager.swift */; };
		365C85A92920A1C4001E600D /* UIImageTransformer.swift in Sources */ = {isa = PBXBuildFile; fileRef = 365C85A82920A1C4001E600D /* UIImageTransformer.swift */; };
		365C85AB2920C765001E600D /* CacheAsyncImageViewModel.swift in Sources */ = {isa = PBXBuildFile; fileRef = 365C85AA2920C765001E600D /* CacheAsyncImageViewModel.swift */; };
		3662382D291DEDF700ED1DE0 /* Befamily_Messenger_Description_AppApp.swift in Sources */ = {isa = PBXBuildFile; fileRef = 3662382C291DEDF700ED1DE0 /* Befamily_Messenger_Description_AppApp.swift */; };
		3662382F291DEDF700ED1DE0 /* MainView.swift in Sources */ = {isa = PBXBuildFile; fileRef = 3662382E291DEDF700ED1DE0 /* MainView.swift */; };
		36623831291DEDF900ED1DE0 /* Assets.xcassets in Resources */ = {isa = PBXBuildFile; fileRef = 36623830291DEDF900ED1DE0 /* Assets.xcassets */; };
		36623834291DEDF900ED1DE0 /* Preview Assets.xcassets in Resources */ = {isa = PBXBuildFile; fileRef = 36623833291DEDF900ED1DE0 /* Preview Assets.xcassets */; };
		36EE2135291F5E11009CFA6B /* Alamofire in Frameworks */ = {isa = PBXBuildFile; productRef = 36EE2134291F5E11009CFA6B /* Alamofire */; };
		36EE2137291F5FB7009CFA6B /* AppStorePreviewService.swift in Sources */ = {isa = PBXBuildFile; fileRef = 36EE2136291F5FB7009CFA6B /* AppStorePreviewService.swift */; };
		36EE2139291F911E009CFA6B /* AppStorePreviews.swift in Sources */ = {isa = PBXBuildFile; fileRef = 36EE2138291F911E009CFA6B /* AppStorePreviews.swift */; };
		36EE213B291F9250009CFA6B /* AppStorePreviewViewModel.swift in Sources */ = {isa = PBXBuildFile; fileRef = 36EE213A291F9250009CFA6B /* AppStorePreviewViewModel.swift */; };
		36EE2141291FB170009CFA6B /* String+RelativeDate.swift in Sources */ = {isa = PBXBuildFile; fileRef = 36EE2140291FB170009CFA6B /* String+RelativeDate.swift */; };
		36EE2143291FD61A009CFA6B /* PreviewHeader.swift in Sources */ = {isa = PBXBuildFile; fileRef = 36EE2142291FD61A009CFA6B /* PreviewHeader.swift */; };
		36EE2146291FD79F009CFA6B /* NewFunctionDescription.swift in Sources */ = {isa = PBXBuildFile; fileRef = 36EE2145291FD79F009CFA6B /* NewFunctionDescription.swift */; };
		36EE2148291FDAE2009CFA6B /* AppDetailDescription.swift in Sources */ = {isa = PBXBuildFile; fileRef = 36EE2147291FDAE2009CFA6B /* AppDetailDescription.swift */; };
		36EE214A291FDD5C009CFA6B /* HorizontalSummary.swift in Sources */ = {isa = PBXBuildFile; fileRef = 36EE2149291FDD5C009CFA6B /* HorizontalSummary.swift */; };
		36EE214C291FDDA9009CFA6B /* HorizontalPreviewImage.swift in Sources */ = {isa = PBXBuildFile; fileRef = 36EE214B291FDDA9009CFA6B /* HorizontalPreviewImage.swift */; };
		36EE214E292010F5009CFA6B /* CacheAsyncImage.swift in Sources */ = {isa = PBXBuildFile; fileRef = 36EE214D292010F5009CFA6B /* CacheAsyncImage.swift */; };
		36EE2150292026DD009CFA6B /* AppInformation.swift in Sources */ = {isa = PBXBuildFile; fileRef = 36EE214F292026DD009CFA6B /* AppInformation.swift */; };
		36EE2154292027DB009CFA6B /* String+FileSize.swift in Sources */ = {isa = PBXBuildFile; fileRef = 36EE2153292027DB009CFA6B /* String+FileSize.swift */; };
		36EE2162292097B8009CFA6B /* ImageDiskCache.xcdatamodeld in Sources */ = {isa = PBXBuildFile; fileRef = 36EE2160292097B8009CFA6B /* ImageDiskCache.xcdatamodeld */; };
		36EE216429209831009CFA6B /* ImageFile.swift in Sources */ = {isa = PBXBuildFile; fileRef = 36EE216329209831009CFA6B /* ImageFile.swift */; };
/* End PBXBuildFile section */

/* Begin PBXFileReference section */
		365C85A229209A76001E600D /* CoreDataManager.swift */ = {isa = PBXFileReference; lastKnownFileType = sourcecode.swift; path = CoreDataManager.swift; sourceTree = "<group>"; };
		365C85A82920A1C4001E600D /* UIImageTransformer.swift */ = {isa = PBXFileReference; lastKnownFileType = sourcecode.swift; path = UIImageTransformer.swift; sourceTree = "<group>"; };
		365C85AA2920C765001E600D /* CacheAsyncImageViewModel.swift */ = {isa = PBXFileReference; lastKnownFileType = sourcecode.swift; path = CacheAsyncImageViewModel.swift; sourceTree = "<group>"; };
		36623829291DEDF700ED1DE0 /* Befamily-Messenger-Description-App.app */ = {isa = PBXFileReference; explicitFileType = wrapper.application; includeInIndex = 0; path = "Befamily-Messenger-Description-App.app"; sourceTree = BUILT_PRODUCTS_DIR; };
		3662382C291DEDF700ED1DE0 /* Befamily_Messenger_Description_AppApp.swift */ = {isa = PBXFileReference; lastKnownFileType = sourcecode.swift; path = Befamily_Messenger_Description_AppApp.swift; sourceTree = "<group>"; };
		3662382E291DEDF700ED1DE0 /* MainView.swift */ = {isa = PBXFileReference; lastKnownFileType = sourcecode.swift; path = MainView.swift; sourceTree = "<group>"; };
		36623830291DEDF900ED1DE0 /* Assets.xcassets */ = {isa = PBXFileReference; lastKnownFileType = folder.assetcatalog; path = Assets.xcassets; sourceTree = "<group>"; };
		36623833291DEDF900ED1DE0 /* Preview Assets.xcassets */ = {isa = PBXFileReference; lastKnownFileType = folder.assetcatalog; path = "Preview Assets.xcassets"; sourceTree = "<group>"; };
		36EE2136291F5FB7009CFA6B /* AppStorePreviewService.swift */ = {isa = PBXFileReference; lastKnownFileType = sourcecode.swift; path = AppStorePreviewService.swift; sourceTree = "<group>"; };
		36EE2138291F911E009CFA6B /* AppStorePreviews.swift */ = {isa = PBXFileReference; lastKnownFileType = sourcecode.swift; path = AppStorePreviews.swift; sourceTree = "<group>"; };
		36EE213A291F9250009CFA6B /* AppStorePreviewViewModel.swift */ = {isa = PBXFileReference; lastKnownFileType = sourcecode.swift; path = AppStorePreviewViewModel.swift; sourceTree = "<group>"; };
		36EE2140291FB170009CFA6B /* String+RelativeDate.swift */ = {isa = PBXFileReference; lastKnownFileType = sourcecode.swift; path = "String+RelativeDate.swift"; sourceTree = "<group>"; };
		36EE2142291FD61A009CFA6B /* PreviewHeader.swift */ = {isa = PBXFileReference; lastKnownFileType = sourcecode.swift; path = PreviewHeader.swift; sourceTree = "<group>"; };
		36EE2145291FD79F009CFA6B /* NewFunctionDescription.swift */ = {isa = PBXFileReference; lastKnownFileType = sourcecode.swift; path = NewFunctionDescription.swift; sourceTree = "<group>"; };
		36EE2147291FDAE2009CFA6B /* AppDetailDescription.swift */ = {isa = PBXFileReference; lastKnownFileType = sourcecode.swift; path = AppDetailDescription.swift; sourceTree = "<group>"; };
		36EE2149291FDD5C009CFA6B /* HorizontalSummary.swift */ = {isa = PBXFileReference; lastKnownFileType = sourcecode.swift; path = HorizontalSummary.swift; sourceTree = "<group>"; };
		36EE214B291FDDA9009CFA6B /* HorizontalPreviewImage.swift */ = {isa = PBXFileReference; lastKnownFileType = sourcecode.swift; path = HorizontalPreviewImage.swift; sourceTree = "<group>"; };
		36EE214D292010F5009CFA6B /* CacheAsyncImage.swift */ = {isa = PBXFileReference; lastKnownFileType = sourcecode.swift; path = CacheAsyncImage.swift; sourceTree = "<group>"; };
		36EE214F292026DD009CFA6B /* AppInformation.swift */ = {isa = PBXFileReference; lastKnownFileType = sourcecode.swift; path = AppInformation.swift; sourceTree = "<group>"; };
		36EE2153292027DB009CFA6B /* String+FileSize.swift */ = {isa = PBXFileReference; lastKnownFileType = sourcecode.swift; path = "String+FileSize.swift"; sourceTree = "<group>"; };
		36EE2161292097B8009CFA6B /* ImageDiskCache.xcdatamodel */ = {isa = PBXFileReference; lastKnownFileType = wrapper.xcdatamodel; path = ImageDiskCache.xcdatamodel; sourceTree = "<group>"; };
		36EE216329209831009CFA6B /* ImageFile.swift */ = {isa = PBXFileReference; lastKnownFileType = sourcecode.swift; path = ImageFile.swift; sourceTree = "<group>"; };
/* End PBXFileReference section */

/* Begin PBXFrameworksBuildPhase section */
		36623826291DEDF700ED1DE0 /* Frameworks */ = {
			isa = PBXFrameworksBuildPhase;
			buildActionMask = 2147483647;
			files = (
				36EE2135291F5E11009CFA6B /* Alamofire in Frameworks */,
			);
			runOnlyForDeploymentPostprocessing = 0;
		};
/* End PBXFrameworksBuildPhase section */

/* Begin PBXGroup section */
		365C85AC2920D309001E600D /* ViewModels */ = {
			isa = PBXGroup;
			children = (
				365C85AA2920C765001E600D /* CacheAsyncImageViewModel.swift */,
				36EE213A291F9250009CFA6B /* AppStorePreviewViewModel.swift */,
			);
			path = ViewModels;
			sourceTree = "<group>";
		};
		365C85AD2920D32D001E600D /* Services */ = {
			isa = PBXGroup;
			children = (
				36EE2136291F5FB7009CFA6B /* AppStorePreviewService.swift */,
				365C85A229209A76001E600D /* CoreDataManager.swift */,
				365C85A82920A1C4001E600D /* UIImageTransformer.swift */,
			);
			path = Services;
			sourceTree = "<group>";
		};
		36623820291DEDF700ED1DE0 = {
			isa = PBXGroup;
			children = (
				3662382B291DEDF700ED1DE0 /* Befamily-Messenger-Description-App */,
				3662382A291DEDF700ED1DE0 /* Products */,
			);
			sourceTree = "<group>";
		};
		3662382A291DEDF700ED1DE0 /* Products */ = {
			isa = PBXGroup;
			children = (
				36623829291DEDF700ED1DE0 /* Befamily-Messenger-Description-App.app */,
			);
			name = Products;
			sourceTree = "<group>";
		};
		3662382B291DEDF700ED1DE0 /* Befamily-Messenger-Description-App */ = {
			isa = PBXGroup;
			children = (
				365C85AD2920D32D001E600D /* Services */,
				365C85AC2920D309001E600D /* ViewModels */,
				36EE2144291FD74B009CFA6B /* Views */,
				36EE213F291FB15D009CFA6B /* Extensions */,
				36EE213C291F964D009CFA6B /* Models */,
				3662382C291DEDF700ED1DE0 /* Befamily_Messenger_Description_AppApp.swift */,
				36623830291DEDF900ED1DE0 /* Assets.xcassets */,
				36623832291DEDF900ED1DE0 /* Preview Content */,
				36EE2160292097B8009CFA6B /* ImageDiskCache.xcdatamodeld */,
			);
			path = "Befamily-Messenger-Description-App";
			sourceTree = "<group>";
		};
		36623832291DEDF900ED1DE0 /* Preview Content */ = {
			isa = PBXGroup;
			children = (
				36623833291DEDF900ED1DE0 /* Preview Assets.xcassets */,
			);
			path = "Preview Content";
			sourceTree = "<group>";
		};
		36EE213C291F964D009CFA6B /* Models */ = {
			isa = PBXGroup;
			children = (
				36EE216329209831009CFA6B /* ImageFile.swift */,
				36EE2138291F911E009CFA6B /* AppStorePreviews.swift */,
			);
			path = Models;
			sourceTree = "<group>";
		};
		36EE213F291FB15D009CFA6B /* Extensions */ = {
			isa = PBXGroup;
			children = (
				36EE2140291FB170009CFA6B /* String+RelativeDate.swift */,
				36EE2153292027DB009CFA6B /* String+FileSize.swift */,
			);
			path = Extensions;
			sourceTree = "<group>";
		};
		36EE2144291FD74B009CFA6B /* Views */ = {
			isa = PBXGroup;
			children = (
				36EE2142291FD61A009CFA6B /* PreviewHeader.swift */,
				3662382E291DEDF700ED1DE0 /* MainView.swift */,
				36EE2145291FD79F009CFA6B /* NewFunctionDescription.swift */,
				36EE2147291FDAE2009CFA6B /* AppDetailDescription.swift */,
				36EE2149291FDD5C009CFA6B /* HorizontalSummary.swift */,
				36EE214B291FDDA9009CFA6B /* HorizontalPreviewImage.swift */,
				36EE214D292010F5009CFA6B /* CacheAsyncImage.swift */,
				36EE214F292026DD009CFA6B /* AppInformation.swift */,
			);
			path = Views;
			sourceTree = "<group>";
		};
/* End PBXGroup section */

/* Begin PBXNativeTarget section */
		36623828291DEDF700ED1DE0 /* Befamily-Messenger-Description-App */ = {
			isa = PBXNativeTarget;
			buildConfigurationList = 36623837291DEDF900ED1DE0 /* Build configuration list for PBXNativeTarget "Befamily-Messenger-Description-App" */;
			buildPhases = (
				36623825291DEDF700ED1DE0 /* Sources */,
				36623826291DEDF700ED1DE0 /* Frameworks */,
				36623827291DEDF700ED1DE0 /* Resources */,
			);
			buildRules = (
			);
			dependencies = (
			);
			name = "Befamily-Messenger-Description-App";
			packageProductDependencies = (
				36EE2134291F5E11009CFA6B /* Alamofire */,
			);
			productName = "Befamily-Messenger-Description-App";
			productReference = 36623829291DEDF700ED1DE0 /* Befamily-Messenger-Description-App.app */;
			productType = "com.apple.product-type.application";
		};
/* End PBXNativeTarget section */

/* Begin PBXProject section */
		36623821291DEDF700ED1DE0 /* Project object */ = {
			isa = PBXProject;
			attributes = {
				BuildIndependentTargetsInParallel = 1;
				LastSwiftUpdateCheck = 1410;
				LastUpgradeCheck = 1410;
				TargetAttributes = {
					36623828291DEDF700ED1DE0 = {
						CreatedOnToolsVersion = 14.1;
					};
				};
			};
			buildConfigurationList = 36623824291DEDF700ED1DE0 /* Build configuration list for PBXProject "Befamily-Messenger-Description-App" */;
			compatibilityVersion = "Xcode 14.0";
			developmentRegion = en;
			hasScannedForEncodings = 0;
			knownRegions = (
				en,
				Base,
			);
			mainGroup = 36623820291DEDF700ED1DE0;
			packageReferences = (
				36EE2133291F5E11009CFA6B /* XCRemoteSwiftPackageReference "Alamofire" */,
			);
			productRefGroup = 3662382A291DEDF700ED1DE0 /* Products */;
			projectDirPath = "";
			projectRoot = "";
			targets = (
				36623828291DEDF700ED1DE0 /* Befamily-Messenger-Description-App */,
			);
		};
/* End PBXProject section */

/* Begin PBXResourcesBuildPhase section */
		36623827291DEDF700ED1DE0 /* Resources */ = {
			isa = PBXResourcesBuildPhase;
			buildActionMask = 2147483647;
			files = (
				36623834291DEDF900ED1DE0 /* Preview Assets.xcassets in Resources */,
				36623831291DEDF900ED1DE0 /* Assets.xcassets in Resources */,
			);
			runOnlyForDeploymentPostprocessing = 0;
		};
/* End PBXResourcesBuildPhase section */

/* Begin PBXSourcesBuildPhase section */
		36623825291DEDF700ED1DE0 /* Sources */ = {
			isa = PBXSourcesBuildPhase;
			buildActionMask = 2147483647;
			files = (
				36EE213B291F9250009CFA6B /* AppStorePreviewViewModel.swift in Sources */,
				36EE2148291FDAE2009CFA6B /* AppDetailDescription.swift in Sources */,
				36EE2143291FD61A009CFA6B /* PreviewHeader.swift in Sources */,
				36EE2154292027DB009CFA6B /* String+FileSize.swift in Sources */,
				365C85A329209A76001E600D /* CoreDataManager.swift in Sources */,
				36EE214C291FDDA9009CFA6B /* HorizontalPreviewImage.swift in Sources */,
				36EE2146291FD79F009CFA6B /* NewFunctionDescription.swift in Sources */,
				36EE214E292010F5009CFA6B /* CacheAsyncImage.swift in Sources */,
				3662382F291DEDF700ED1DE0 /* MainView.swift in Sources */,
				3662382D291DEDF700ED1DE0 /* Befamily_Messenger_Description_AppApp.swift in Sources */,
				36EE214A291FDD5C009CFA6B /* HorizontalSummary.swift in Sources */,
				365C85AB2920C765001E600D /* CacheAsyncImageViewModel.swift in Sources */,
				36EE2137291F5FB7009CFA6B /* AppStorePreviewService.swift in Sources */,
				36EE2150292026DD009CFA6B /* AppInformation.swift in Sources */,
				36EE2141291FB170009CFA6B /* String+RelativeDate.swift in Sources */,
				36EE216429209831009CFA6B /* ImageFile.swift in Sources */,
				36EE2162292097B8009CFA6B /* ImageDiskCache.xcdatamodeld in Sources */,
				36EE2139291F911E009CFA6B /* AppStorePreviews.swift in Sources */,
				365C85A92920A1C4001E600D /* UIImageTransformer.swift in Sources */,
			);
			runOnlyForDeploymentPostprocessing = 0;
		};
/* End PBXSourcesBuildPhase section */

/* Begin XCBuildConfiguration section */
		36623835291DEDF900ED1DE0 /* Debug */ = {
			isa = XCBuildConfiguration;
			buildSettings = {
				ALWAYS_SEARCH_USER_PATHS = NO;
				CLANG_ANALYZER_NONNULL = YES;
				CLANG_ANALYZER_NUMBER_OBJECT_CONVERSION = YES_AGGRESSIVE;
				CLANG_CXX_LANGUAGE_STANDARD = "gnu++20";
				CLANG_ENABLE_MODULES = YES;
				CLANG_ENABLE_OBJC_ARC = YES;
				CLANG_ENABLE_OBJC_WEAK = YES;
				CLANG_WARN_BLOCK_CAPTURE_AUTORELEASING = YES;
				CLANG_WARN_BOOL_CONVERSION = YES;
				CLANG_WARN_COMMA = YES;
				CLANG_WARN_CONSTANT_CONVERSION = YES;
				CLANG_WARN_DEPRECATED_OBJC_IMPLEMENTATIONS = YES;
				CLANG_WARN_DIRECT_OBJC_ISA_USAGE = YES_ERROR;
				CLANG_WARN_DOCUMENTATION_COMMENTS = YES;
				CLANG_WARN_EMPTY_BODY = YES;
				CLANG_WARN_ENUM_CONVERSION = YES;
				CLANG_WARN_INFINITE_RECURSION = YES;
				CLANG_WARN_INT_CONVERSION = YES;
				CLANG_WARN_NON_LITERAL_NULL_CONVERSION = YES;
				CLANG_WARN_OBJC_IMPLICIT_RETAIN_SELF = YES;
				CLANG_WARN_OBJC_LITERAL_CONVERSION = YES;
				CLANG_WARN_OBJC_ROOT_CLASS = YES_ERROR;
				CLANG_WARN_QUOTED_INCLUDE_IN_FRAMEWORK_HEADER = YES;
				CLANG_WARN_RANGE_LOOP_ANALYSIS = YES;
				CLANG_WARN_STRICT_PROTOTYPES = YES;
				CLANG_WARN_SUSPICIOUS_MOVE = YES;
				CLANG_WARN_UNGUARDED_AVAILABILITY = YES_AGGRESSIVE;
				CLANG_WARN_UNREACHABLE_CODE = YES;
				CLANG_WARN__DUPLICATE_METHOD_MATCH = YES;
				COPY_PHASE_STRIP = NO;
				DEBUG_INFORMATION_FORMAT = dwarf;
				ENABLE_STRICT_OBJC_MSGSEND = YES;
				ENABLE_TESTABILITY = YES;
				GCC_C_LANGUAGE_STANDARD = gnu11;
				GCC_DYNAMIC_NO_PIC = NO;
				GCC_NO_COMMON_BLOCKS = YES;
				GCC_OPTIMIZATION_LEVEL = 0;
				GCC_PREPROCESSOR_DEFINITIONS = (
					"DEBUG=1",
					"$(inherited)",
				);
				GCC_WARN_64_TO_32_BIT_CONVERSION = YES;
				GCC_WARN_ABOUT_RETURN_TYPE = YES_ERROR;
				GCC_WARN_UNDECLARED_SELECTOR = YES;
				GCC_WARN_UNINITIALIZED_AUTOS = YES_AGGRESSIVE;
				GCC_WARN_UNUSED_FUNCTION = YES;
				GCC_WARN_UNUSED_VARIABLE = YES;
				IPHONEOS_DEPLOYMENT_TARGET = 16.1;
				MTL_ENABLE_DEBUG_INFO = INCLUDE_SOURCE;
				MTL_FAST_MATH = YES;
				ONLY_ACTIVE_ARCH = YES;
				SDKROOT = iphoneos;
				SWIFT_ACTIVE_COMPILATION_CONDITIONS = DEBUG;
				SWIFT_OPTIMIZATION_LEVEL = "-Onone";
			};
			name = Debug;
		};
		36623836291DEDF900ED1DE0 /* Release */ = {
			isa = XCBuildConfiguration;
			buildSettings = {
				ALWAYS_SEARCH_USER_PATHS = NO;
				CLANG_ANALYZER_NONNULL = YES;
				CLANG_ANALYZER_NUMBER_OBJECT_CONVERSION = YES_AGGRESSIVE;
				CLANG_CXX_LANGUAGE_STANDARD = "gnu++20";
				CLANG_ENABLE_MODULES = YES;
				CLANG_ENABLE_OBJC_ARC = YES;
				CLANG_ENABLE_OBJC_WEAK = YES;
				CLANG_WARN_BLOCK_CAPTURE_AUTORELEASING = YES;
				CLANG_WARN_BOOL_CONVERSION = YES;
				CLANG_WARN_COMMA = YES;
				CLANG_WARN_CONSTANT_CONVERSION = YES;
				CLANG_WARN_DEPRECATED_OBJC_IMPLEMENTATIONS = YES;
				CLANG_WARN_DIRECT_OBJC_ISA_USAGE = YES_ERROR;
				CLANG_WARN_DOCUMENTATION_COMMENTS = YES;
				CLANG_WARN_EMPTY_BODY = YES;
				CLANG_WARN_ENUM_CONVERSION = YES;
				CLANG_WARN_INFINITE_RECURSION = YES;
				CLANG_WARN_INT_CONVERSION = YES;
				CLANG_WARN_NON_LITERAL_NULL_CONVERSION = YES;
				CLANG_WARN_OBJC_IMPLICIT_RETAIN_SELF = YES;
				CLANG_WARN_OBJC_LITERAL_CONVERSION = YES;
				CLANG_WARN_OBJC_ROOT_CLASS = YES_ERROR;
				CLANG_WARN_QUOTED_INCLUDE_IN_FRAMEWORK_HEADER = YES;
				CLANG_WARN_RANGE_LOOP_ANALYSIS = YES;
				CLANG_WARN_STRICT_PROTOTYPES = YES;
				CLANG_WARN_SUSPICIOUS_MOVE = YES;
				CLANG_WARN_UNGUARDED_AVAILABILITY = YES_AGGRESSIVE;
				CLANG_WARN_UNREACHABLE_CODE = YES;
				CLANG_WARN__DUPLICATE_METHOD_MATCH = YES;
				COPY_PHASE_STRIP = NO;
				DEBUG_INFORMATION_FORMAT = "dwarf-with-dsym";
				ENABLE_NS_ASSERTIONS = NO;
				ENABLE_STRICT_OBJC_MSGSEND = YES;
				GCC_C_LANGUAGE_STANDARD = gnu11;
				GCC_NO_COMMON_BLOCKS = YES;
				GCC_WARN_64_TO_32_BIT_CONVERSION = YES;
				GCC_WARN_ABOUT_RETURN_TYPE = YES_ERROR;
				GCC_WARN_UNDECLARED_SELECTOR = YES;
				GCC_WARN_UNINITIALIZED_AUTOS = YES_AGGRESSIVE;
				GCC_WARN_UNUSED_FUNCTION = YES;
				GCC_WARN_UNUSED_VARIABLE = YES;
				IPHONEOS_DEPLOYMENT_TARGET = 16.1;
				MTL_ENABLE_DEBUG_INFO = NO;
				MTL_FAST_MATH = YES;
				SDKROOT = iphoneos;
				SWIFT_COMPILATION_MODE = wholemodule;
				SWIFT_OPTIMIZATION_LEVEL = "-O";
				VALIDATE_PRODUCT = YES;
			};
			name = Release;
		};
		36623838291DEDF900ED1DE0 /* Debug */ = {
			isa = XCBuildConfiguration;
			buildSettings = {
				ASSETCATALOG_COMPILER_APPICON_NAME = AppIcon;
				ASSETCATALOG_COMPILER_GLOBAL_ACCENT_COLOR_NAME = AccentColor;
				CODE_SIGN_STYLE = Automatic;
				CURRENT_PROJECT_VERSION = 1;
				DEVELOPMENT_ASSET_PATHS = "\"Befamily-Messenger-Description-App/Preview Content\"";
				DEVELOPMENT_TEAM = PF8SSD5DBD;
				ENABLE_PREVIEWS = YES;
				GENERATE_INFOPLIST_FILE = YES;
				INFOPLIST_KEY_UIApplicationSceneManifest_Generation = YES;
				INFOPLIST_KEY_UIApplicationSupportsIndirectInputEvents = YES;
				INFOPLIST_KEY_UILaunchScreen_Generation = YES;
				INFOPLIST_KEY_UISupportedInterfaceOrientations_iPad = "UIInterfaceOrientationPortrait UIInterfaceOrientationPortraitUpsideDown UIInterfaceOrientationLandscapeLeft UIInterfaceOrientationLandscapeRight";
				INFOPLIST_KEY_UISupportedInterfaceOrientations_iPhone = "UIInterfaceOrientationPortrait UIInterfaceOrientationLandscapeLeft UIInterfaceOrientationLandscapeRight";
				IPHONEOS_DEPLOYMENT_TARGET = 15.0;
				LD_RUNPATH_SEARCH_PATHS = (
					"$(inherited)",
					"@executable_path/Frameworks",
				);
				MARKETING_VERSION = 1.0;
				PRODUCT_BUNDLE_IDENTIFIER = "yimseongmin.Befamily-Messenger-Description-App";
				PRODUCT_NAME = "$(TARGET_NAME)";
				SWIFT_EMIT_LOC_STRINGS = YES;
				SWIFT_VERSION = 5.0;
				TARGETED_DEVICE_FAMILY = "1,2";
			};
			name = Debug;
		};
		36623839291DEDF900ED1DE0 /* Release */ = {
			isa = XCBuildConfiguration;
			buildSettings = {
				ASSETCATALOG_COMPILER_APPICON_NAME = AppIcon;
				ASSETCATALOG_COMPILER_GLOBAL_ACCENT_COLOR_NAME = AccentColor;
				CODE_SIGN_STYLE = Automatic;
				CURRENT_PROJECT_VERSION = 1;
				DEVELOPMENT_ASSET_PATHS = "\"Befamily-Messenger-Description-App/Preview Content\"";
				DEVELOPMENT_TEAM = PF8SSD5DBD;
				ENABLE_PREVIEWS = YES;
				GENERATE_INFOPLIST_FILE = YES;
				INFOPLIST_KEY_UIApplicationSceneManifest_Generation = YES;
				INFOPLIST_KEY_UIApplicationSupportsIndirectInputEvents = YES;
				INFOPLIST_KEY_UILaunchScreen_Generation = YES;
				INFOPLIST_KEY_UISupportedInterfaceOrientations_iPad = "UIInterfaceOrientationPortrait UIInterfaceOrientationPortraitUpsideDown UIInterfaceOrientationLandscapeLeft UIInterfaceOrientationLandscapeRight";
				INFOPLIST_KEY_UISupportedInterfaceOrientations_iPhone = "UIInterfaceOrientationPortrait UIInterfaceOrientationLandscapeLeft UIInterfaceOrientationLandscapeRight";
				IPHONEOS_DEPLOYMENT_TARGET = 15.0;
				LD_RUNPATH_SEARCH_PATHS = (
					"$(inherited)",
					"@executable_path/Frameworks",
				);
				MARKETING_VERSION = 1.0;
				PRODUCT_BUNDLE_IDENTIFIER = "yimseongmin.Befamily-Messenger-Description-App";
				PRODUCT_NAME = "$(TARGET_NAME)";
				SWIFT_EMIT_LOC_STRINGS = YES;
				SWIFT_VERSION = 5.0;
				TARGETED_DEVICE_FAMILY = "1,2";
			};
			name = Release;
		};
/* End XCBuildConfiguration section */

/* Begin XCConfigurationList section */
		36623824291DEDF700ED1DE0 /* Build configuration list for PBXProject "Befamily-Messenger-Description-App" */ = {
			isa = XCConfigurationList;
			buildConfigurations = (
				36623835291DEDF900ED1DE0 /* Debug */,
				36623836291DEDF900ED1DE0 /* Release */,
			);
			defaultConfigurationIsVisible = 0;
			defaultConfigurationName = Release;
		};
		36623837291DEDF900ED1DE0 /* Build configuration list for PBXNativeTarget "Befamily-Messenger-Description-App" */ = {
			isa = XCConfigurationList;
			buildConfigurations = (
				36623838291DEDF900ED1DE0 /* Debug */,
				36623839291DEDF900ED1DE0 /* Release */,
			);
			defaultConfigurationIsVisible = 0;
			defaultConfigurationName = Release;
		};
/* End XCConfigurationList section */

/* Begin XCRemoteSwiftPackageReference section */
		36EE2133291F5E11009CFA6B /* XCRemoteSwiftPackageReference "Alamofire" */ = {
			isa = XCRemoteSwiftPackageReference;
			repositoryURL = "https://github.com/Alamofire/Alamofire.git";
			requirement = {
				branch = master;
				kind = branch;
			};
		};
/* End XCRemoteSwiftPackageReference section */

/* Begin XCSwiftPackageProductDependency section */
		36EE2134291F5E11009CFA6B /* Alamofire */ = {
			isa = XCSwiftPackageProductDependency;
			package = 36EE2133291F5E11009CFA6B /* XCRemoteSwiftPackageReference "Alamofire" */;
			productName = Alamofire;
		};
/* End XCSwiftPackageProductDependency section */

/* Begin XCVersionGroup section */
		36EE2160292097B8009CFA6B /* ImageDiskCache.xcdatamodeld */ = {
			isa = XCVersionGroup;
			children = (
				36EE2161292097B8009CFA6B /* ImageDiskCache.xcdatamodel */,
			);
			currentVersion = 36EE2161292097B8009CFA6B /* ImageDiskCache.xcdatamodel */;
			path = ImageDiskCache.xcdatamodeld;
			sourceTree = "<group>";
			versionGroupType = wrapper.xcdatamodel;
		};
/* End XCVersionGroup section */
	};
	rootObject = 36623821291DEDF700ED1DE0 /* Project object */;
}
